
Microsoft Visual Studio Solution File, Format Version 12.00
# Visual Studio Version 17
VisualStudioVersion = 17.0.31903.59
MinimumVisualStudioVersion = 10.0.40219.1
Project("{9A19103F-16F7-4668-BE54-9A1E7A4F7556}") = "Lesson1", "Lesson1\Lesson1.csproj", "{C486ED8D-D374-4F71-BBDD-0BF44CBEC04C}"
EndProject
Global
	GlobalSection(SolutionConfigurationPlatforms) = preSolution
		Debug|Any CPU = Debug|Any CPU
		Release|Any CPU = Release|Any CPU
	EndGlobalSection
	GlobalSection(ProjectConfigurationPlatforms) = postSolution
		{C486ED8D-D374-4F71-BBDD-0BF44CBEC04C}.Debug|Any CPU.ActiveCfg = Debug|Any CPU
		{C486ED8D-D374-4F71-BBDD-0BF44CBEC04C}.Debug|Any CPU.Build.0 = Debug|Any CPU
		{C486ED8D-D374-4F71-BBDD-0BF44CBEC04C}.Release|Any CPU.ActiveCfg = Release|Any CPU
		{C486ED8D-D374-4F71-BBDD-0BF44CBEC04C}.Release|Any CPU.Build.0 = Release|Any CPU
	EndGlobalSection
	GlobalSection(SolutionProperties) = preSolution
		HideSolutionNode = FALSE
	EndGlobalSection
EndGlobal
